
Microsoft Visual Studio Solution File, Format Version 12.00
# Visual Studio 15
Project("{FAE04EC0-301F-11D3-BF4B-00C04F79EFBC}") = "Assembly-CSharp", "Assembly-CSharp.csproj", "{1A89D903-4CDB-05FA-61DC-7D9D5B245FF3}"
EndProject
Project("{FAE04EC0-301F-11D3-BF4B-00C04F79EFBC}") = "Assembly-CSharp-firstpass", "Assembly-CSharp-firstpass.csproj", "{BBA54E57-9C8B-174E-D837-0F91F83C02AE}"
EndProject
Project("{FAE04EC0-301F-11D3-BF4B-00C04F79EFBC}") = "Assembly-CSharp-Editor-firstpass", "Assembly-CSharp-Editor-firstpass.csproj", "{BB5282D7-DD82-98E8-D91D-DE628E44E7DE}"
EndProject
Project("{FAE04EC0-301F-11D3-BF4B-00C04F79EFBC}") = "Assembly-CSharp-Editor", "Assembly-CSharp-Editor.csproj", "{982BA93A-817E-3053-0C9A-A3E7F0D54547}"
EndProject
Global
	GlobalSection(SolutionConfigurationPlatforms) = preSolution
		Debug|Any CPU = Debug|Any CPU
		Release|Any CPU = Release|Any CPU
	EndGlobalSection
	GlobalSection(ProjectConfigurationPlatforms) = postSolution
		{1A89D903-4CDB-05FA-61DC-7D9D5B245FF3}.Debug|Any CPU.ActiveCfg = Debug|Any CPU
		{1A89D903-4CDB-05FA-61DC-7D9D5B245FF3}.Debug|Any CPU.Build.0 = Debug|Any CPU
		{1A89D903-4CDB-05FA-61DC-7D9D5B245FF3}.Release|Any CPU.ActiveCfg = Release|Any CPU
		{1A89D903-4CDB-05FA-61DC-7D9D5B245FF3}.Release|Any CPU.Build.0 = Release|Any CPU
		{BBA54E57-9C8B-174E-D837-0F91F83C02AE}.Debug|Any CPU.ActiveCfg = Debug|Any CPU
		{BBA54E57-9C8B-174E-D837-0F91F83C02AE}.Debug|Any CPU.Build.0 = Debug|Any CPU
		{BBA54E57-9C8B-174E-D837-0F91F83C02AE}.Release|Any CPU.ActiveCfg = Release|Any CPU
		{BBA54E57-9C8B-174E-D837-0F91F83C02AE}.Release|Any CPU.Build.0 = Release|Any CPU
		{BB5282D7-DD82-98E8-D91D-DE628E44E7DE}.Debug|Any CPU.ActiveCfg = Debug|Any CPU
		{BB5282D7-DD82-98E8-D91D-DE628E44E7DE}.Debug|Any CPU.Build.0 = Debug|Any CPU
		{BB5282D7-DD82-98E8-D91D-DE628E44E7DE}.Release|Any CPU.ActiveCfg = Release|Any CPU
		{BB5282D7-DD82-98E8-D91D-DE628E44E7DE}.Release|Any CPU.Build.0 = Release|Any CPU
		{982BA93A-817E-3053-0C9A-A3E7F0D54547}.Debug|Any CPU.ActiveCfg = Debug|Any CPU
		{982BA93A-817E-3053-0C9A-A3E7F0D54547}.Debug|Any CPU.Build.0 = Debug|Any CPU
		{982BA93A-817E-3053-0C9A-A3E7F0D54547}.Release|Any CPU.ActiveCfg = Release|Any CPU
		{982BA93A-817E-3053-0C9A-A3E7F0D54547}.Release|Any CPU.Build.0 = Release|Any CPU
	EndGlobalSection
	GlobalSection(SolutionProperties) = preSolution
		HideSolutionNode = FALSE
	EndGlobalSection
EndGlobal
